{
  "name": "eru",
  "lockfileVersion": 2,
  "requires": true,
  "packages": {
    "": {
      "dependencies": {
        "eruda": "^2.5.0"
      }
    },
    "node_modules/eruda": {
      "version": "2.5.0",
      "resolved": "https://registry.npmjs.org/eruda/-/eruda-2.5.0.tgz",
      "integrity": "sha512-ardSJe7AfCPTzaLJVieX0FwzuL56rDDFemnK1ETcZPsrZcUqYAjUb7gpJPgSj9x06PmeGGGFJKrSlZ0F0d4lJQ=="
    }
  },
  "dependencies": {
    "eruda": {
      "version": "2.5.0",
      "resolved": "https://registry.npmjs.org/eruda/-/eruda-2.5.0.tgz",
      "integrity": "sha512-ardSJe7AfCPTzaLJVieX0FwzuL56rDDFemnK1ETcZPsrZcUqYAjUb7gpJPgSj9x06PmeGGGFJKrSlZ0F0d4lJQ=="
    }
  }
}
